// !$*UTF8*$!
{
	archiveVersion = 1;
	classes = {
	};
	objectVersion = 50;
	objects = {

/* Begin PBXBuildFile section */
		B6A114502255FDB000E78E24 /* AppDelegate.swift in Sources */ = {isa = PBXBuildFile; fileRef = B6A1144F2255FDB000E78E24 /* AppDelegate.swift */; };
		B6A114522255FDB000E78E24 /* MasterViewController.swift in Sources */ = {isa = PBXBuildFile; fileRef = B6A114512255FDB000E78E24 /* MasterViewController.swift */; };
		B6A114542255FDB000E78E24 /* DetailViewController.swift in Sources */ = {isa = PBXBuildFile; fileRef = B6A114532255FDB000E78E24 /* DetailViewController.swift */; };
		B6A114572255FDB000E78E24 /* Main.storyboard in Resources */ = {isa = PBXBuildFile; fileRef = B6A114552255FDB000E78E24 /* Main.storyboard */; };
		B6A114592255FDB100E78E24 /* Assets.xcassets in Resources */ = {isa = PBXBuildFile; fileRef = B6A114582255FDB100E78E24 /* Assets.xcassets */; };
		B6A1145C2255FDB100E78E24 /* LaunchScreen.storyboard in Resources */ = {isa = PBXBuildFile; fileRef = B6A1145A2255FDB100E78E24 /* LaunchScreen.storyboard */; };
		B6A114672255FDB100E78E24 /* DemoTests.swift in Sources */ = {isa = PBXBuildFile; fileRef = B6A114662255FDB100E78E24 /* DemoTests.swift */; };
		B6A114722255FDB100E78E24 /* DemoUITests.swift in Sources */ = {isa = PBXBuildFile; fileRef = B6A114712255FDB100E78E24 /* DemoUITests.swift */; };
		B6A114842255FDE500E78E24 /* ModelObject.swift in Sources */ = {isa = PBXBuildFile; fileRef = B6A114832255FDE500E78E24 /* ModelObject.swift */; };
		B6A114872255FED600E78E24 /* MasterTableViewCell.swift in Sources */ = {isa = PBXBuildFile; fileRef = B6A114852255FED600E78E24 /* MasterTableViewCell.swift */; };
		B6A114882255FED600E78E24 /* MasterTableViewCell.xib in Resources */ = {isa = PBXBuildFile; fileRef = B6A114862255FED600E78E24 /* MasterTableViewCell.xib */; };
		B6A114942256448F00E78E24 /* ImageOnly.swift in Sources */ = {isa = PBXBuildFile; fileRef = B6A114932256448F00E78E24 /* ImageOnly.swift */; };
		B6A114962256449D00E78E24 /* ImageOnly.xib in Resources */ = {isa = PBXBuildFile; fileRef = B6A114952256449D00E78E24 /* ImageOnly.xib */; };
		B6A114D42256527C00E78E24 /* ScaledHeightImageView.swift in Sources */ = {isa = PBXBuildFile; fileRef = B6A114D32256527C00E78E24 /* ScaledHeightImageView.swift */; };
/* End PBXBuildFile section */

/* Begin PBXContainerItemProxy section */
		B6A114632255FDB100E78E24 /* PBXContainerItemProxy */ = {
			isa = PBXContainerItemProxy;
			containerPortal = B6A114442255FDB000E78E24 /* Project object */;
			proxyType = 1;
			remoteGlobalIDString = B6A1144B2255FDB000E78E24;
			remoteInfo = Demo;
		};
		B6A1146E2255FDB100E78E24 /* PBXContainerItemProxy */ = {
			isa = PBXContainerItemProxy;
			containerPortal = B6A114442255FDB000E78E24 /* Project object */;
			proxyType = 1;
			remoteGlobalIDString = B6A1144B2255FDB000E78E24;
			remoteInfo = Demo;
		};
/* End PBXContainerItemProxy section */

/* Begin PBXFileReference section */
		B6A1144C2255FDB000E78E24 /* Demo.app */ = {isa = PBXFileReference; explicitFileType = wrapper.application; includeInIndex = 0; path = Demo.app; sourceTree = BUILT_PRODUCTS_DIR; };
		B6A1144F2255FDB000E78E24 /* AppDelegate.swift */ = {isa = PBXFileReference; lastKnownFileType = sourcecode.swift; path = AppDelegate.swift; sourceTree = "<group>"; };
		B6A114512255FDB000E78E24 /* MasterViewController.swift */ = {isa = PBXFileReference; lastKnownFileType = sourcecode.swift; path = MasterViewController.swift; sourceTree = "<group>"; };
		B6A114532255FDB000E78E24 /* DetailViewController.swift */ = {isa = PBXFileReference; lastKnownFileType = sourcecode.swift; path = DetailViewController.swift; sourceTree = "<group>"; };
		B6A114562255FDB000E78E24 /* Base */ = {isa = PBXFileReference; lastKnownFileType = file.storyboard; name = Base; path = Base.lproj/Main.storyboard; sourceTree = "<group>"; };
		B6A114582255FDB100E78E24 /* Assets.xcassets */ = {isa = PBXFileReference; lastKnownFileType = folder.assetcatalog; path = Assets.xcassets; sourceTree = "<group>"; };
		B6A1145B2255FDB100E78E24 /* Base */ = {isa = PBXFileReference; lastKnownFileType = file.storyboard; name = Base; path = Base.lproj/LaunchScreen.storyboard; sourceTree = "<group>"; };
		B6A1145D2255FDB100E78E24 /* Info.plist */ = {isa = PBXFileReference; lastKnownFileType = text.plist.xml; path = Info.plist; sourceTree = "<group>"; };
		B6A114622255FDB100E78E24 /* DemoTests.xctest */ = {isa = PBXFileReference; explicitFileType = wrapper.cfbundle; includeInIndex = 0; path = DemoTests.xctest; sourceTree = BUILT_PRODUCTS_DIR; };
		B6A114662255FDB100E78E24 /* DemoTests.swift */ = {isa = PBXFileReference; lastKnownFileType = sourcecode.swift; path = DemoTests.swift; sourceTree = "<group>"; };
		B6A114682255FDB100E78E24 /* Info.plist */ = {isa = PBXFileReference; lastKnownFileType = text.plist.xml; path = Info.plist; sourceTree = "<group>"; };
		B6A1146D2255FDB100E78E24 /* DemoUITests.xctest */ = {isa = PBXFileReference; explicitFileType = wrapper.cfbundle; includeInIndex = 0; path = DemoUITests.xctest; sourceTree = BUILT_PRODUCTS_DIR; };
		B6A114712255FDB100E78E24 /* DemoUITests.swift */ = {isa = PBXFileReference; lastKnownFileType = sourcecode.swift; path = DemoUITests.swift; sourceTree = "<group>"; };
		B6A114732255FDB100E78E24 /* Info.plist */ = {isa = PBXFileReference; lastKnownFileType = text.plist.xml; path = Info.plist; sourceTree = "<group>"; };
		B6A1147F2255FDDB00E78E24 /* ImageAndTextView.swift */ = {isa = PBXFileReference; fileEncoding = 4; lastKnownFileType = sourcecode.swift; path = ImageAndTextView.swift; sourceTree = "<group>"; };
		B6A114802255FDDB00E78E24 /* ImageAndTextView.xib */ = {isa = PBXFileReference; fileEncoding = 4; lastKnownFileType = file.xib; path = ImageAndTextView.xib; sourceTree = "<group>"; };
		B6A114832255FDE500E78E24 /* ModelObject.swift */ = {isa = PBXFileReference; fileEncoding = 4; lastKnownFileType = sourcecode.swift; path = ModelObject.swift; sourceTree = "<group>"; };
		B6A114852255FED600E78E24 /* MasterTableViewCell.swift */ = {isa = PBXFileReference; fileEncoding = 4; lastKnownFileType = sourcecode.swift; path = MasterTableViewCell.swift; sourceTree = "<group>"; };
		B6A114862255FED600E78E24 /* MasterTableViewCell.xib */ = {isa = PBXFileReference; fileEncoding = 4; lastKnownFileType = file.xib; path = MasterTableViewCell.xib; sourceTree = "<group>"; };
		B6A1148B225631DF00E78E24 /* ImageAndTextView2.swift */ = {isa = PBXFileReference; fileEncoding = 4; lastKnownFileType = sourcecode.swift; path = ImageAndTextView2.swift; sourceTree = "<group>"; };
		B6A1148C225631DF00E78E24 /* ImageAndTextView2.xib */ = {isa = PBXFileReference; fileEncoding = 4; lastKnownFileType = file.xib; path = ImageAndTextView2.xib; sourceTree = "<group>"; };
		B6A114932256448F00E78E24 /* ImageOnly.swift */ = {isa = PBXFileReference; lastKnownFileType = sourcecode.swift; path = ImageOnly.swift; sourceTree = "<group>"; };
		B6A114952256449D00E78E24 /* ImageOnly.xib */ = {isa = PBXFileReference; lastKnownFileType = file.xib; path = ImageOnly.xib; sourceTree = "<group>"; };
		B6A114D32256527C00E78E24 /* ScaledHeightImageView.swift */ = {isa = PBXFileReference; lastKnownFileType = sourcecode.swift; path = ScaledHeightImageView.swift; sourceTree = "<group>"; };
/* End PBXFileReference section */

/* Begin PBXFrameworksBuildPhase section */
		B6A114492255FDB000E78E24 /* Frameworks */ = {
			isa = PBXFrameworksBuildPhase;
			buildActionMask = 2147483647;
			files = (
			);
			runOnlyForDeploymentPostprocessing = 0;
		};
		B6A1145F2255FDB100E78E24 /* Frameworks */ = {
			isa = PBXFrameworksBuildPhase;
			buildActionMask = 2147483647;
			files = (
			);
			runOnlyForDeploymentPostprocessing = 0;
		};
		B6A1146A2255FDB100E78E24 /* Frameworks */ = {
			isa = PBXFrameworksBuildPhase;
			buildActionMask = 2147483647;
			files = (
			);
			runOnlyForDeploymentPostprocessing = 0;
		};
/* End PBXFrameworksBuildPhase section */

/* Begin PBXGroup section */
		B6A114432255FDB000E78E24 = {
			isa = PBXGroup;
			children = (
				B6A1144E2255FDB000E78E24 /* Demo */,
				B6A114652255FDB100E78E24 /* DemoTests */,
				B6A114702255FDB100E78E24 /* DemoUITests */,
				B6A1144D2255FDB000E78E24 /* Products */,
			);
			sourceTree = "<group>";
		};
		B6A1144D2255FDB000E78E24 /* Products */ = {
			isa = PBXGroup;
			children = (
				B6A1144C2255FDB000E78E24 /* Demo.app */,
				B6A114622255FDB100E78E24 /* DemoTests.xctest */,
				B6A1146D2255FDB100E78E24 /* DemoUITests.xctest */,
			);
			name = Products;
			sourceTree = "<group>";
		};
		B6A1144E2255FDB000E78E24 /* Demo */ = {
			isa = PBXGroup;
			children = (
				B6A1148B225631DF00E78E24 /* ImageAndTextView2.swift */,
				B6A1148C225631DF00E78E24 /* ImageAndTextView2.xib */,
				B6A1144F2255FDB000E78E24 /* AppDelegate.swift */,
				B6A114512255FDB000E78E24 /* MasterViewController.swift */,
				B6A114532255FDB000E78E24 /* DetailViewController.swift */,
				B6A114552255FDB000E78E24 /* Main.storyboard */,
				B6A114582255FDB100E78E24 /* Assets.xcassets */,
				B6A1145A2255FDB100E78E24 /* LaunchScreen.storyboard */,
				B6A1147F2255FDDB00E78E24 /* ImageAndTextView.swift */,
				B6A114802255FDDB00E78E24 /* ImageAndTextView.xib */,
				B6A114832255FDE500E78E24 /* ModelObject.swift */,
				B6A114852255FED600E78E24 /* MasterTableViewCell.swift */,
				B6A114862255FED600E78E24 /* MasterTableViewCell.xib */,
				B6A1145D2255FDB100E78E24 /* Info.plist */,
				B6A114932256448F00E78E24 /* ImageOnly.swift */,
				B6A114952256449D00E78E24 /* ImageOnly.xib */,
				B6A114D32256527C00E78E24 /* ScaledHeightImageView.swift */,
			);
			path = Demo;
			sourceTree = "<group>";
		};
		B6A114652255FDB100E78E24 /* DemoTests */ = {
			isa = PBXGroup;
			children = (
				B6A114662255FDB100E78E24 /* DemoTests.swift */,
				B6A114682255FDB100E78E24 /* Info.plist */,
			);
			path = DemoTests;
			sourceTree = "<group>";
		};
		B6A114702255FDB100E78E24 /* DemoUITests */ = {
			isa = PBXGroup;
			children = (
				B6A114712255FDB100E78E24 /* DemoUITests.swift */,
				B6A114732255FDB100E78E24 /* Info.plist */,
			);
			path = DemoUITests;
			sourceTree = "<group>";
		};
/* End PBXGroup section */

/* Begin PBXNativeTarget section */
		B6A1144B2255FDB000E78E24 /* Demo */ = {
			isa = PBXNativeTarget;
			buildConfigurationList = B6A114762255FDB100E78E24 /* Build configuration list for PBXNativeTarget "Demo" */;
			buildPhases = (
				B6A114482255FDB000E78E24 /* Sources */,
				B6A114492255FDB000E78E24 /* Frameworks */,
				B6A1144A2255FDB000E78E24 /* Resources */,
			);
			buildRules = (
			);
			dependencies = (
			);
			name = Demo;
			productName = Demo;
			productReference = B6A1144C2255FDB000E78E24 /* Demo.app */;
			productType = "com.apple.product-type.application";
		};
		B6A114612255FDB100E78E24 /* DemoTests */ = {
			isa = PBXNativeTarget;
			buildConfigurationList = B6A114792255FDB100E78E24 /* Build configuration list for PBXNativeTarget "DemoTests" */;
			buildPhases = (
				B6A1145E2255FDB100E78E24 /* Sources */,
				B6A1145F2255FDB100E78E24 /* Frameworks */,
				B6A114602255FDB100E78E24 /* Resources */,
			);
			buildRules = (
			);
			dependencies = (
				B6A114642255FDB100E78E24 /* PBXTargetDependency */,
			);
			name = DemoTests;
			productName = DemoTests;
			productReference = B6A114622255FDB100E78E24 /* DemoTests.xctest */;
			productType = "com.apple.product-type.bundle.unit-test";
		};
		B6A1146C2255FDB100E78E24 /* DemoUITests */ = {
			isa = PBXNativeTarget;
			buildConfigurationList = B6A1147C2255FDB100E78E24 /* Build configuration list for PBXNativeTarget "DemoUITests" */;
			buildPhases = (
				B6A114692255FDB100E78E24 /* Sources */,
				B6A1146A2255FDB100E78E24 /* Frameworks */,
				B6A1146B2255FDB100E78E24 /* Resources */,
			);
			buildRules = (
			);
			dependencies = (
				B6A1146F2255FDB100E78E24 /* PBXTargetDependency */,
			);
			name = DemoUITests;
			productName = DemoUITests;
			productReference = B6A1146D2255FDB100E78E24 /* DemoUITests.xctest */;
			productType = "com.apple.product-type.bundle.ui-testing";
		};
/* End PBXNativeTarget section */

/* Begin PBXProject section */
		B6A114442255FDB000E78E24 /* Project object */ = {
			isa = PBXProject;
			attributes = {
				LastSwiftUpdateCheck = 1020;
				LastUpgradeCheck = 1020;
				ORGANIZATIONNAME = "Walter Fettich";
				TargetAttributes = {
					B6A1144B2255FDB000E78E24 = {
						CreatedOnToolsVersion = 10.2;
					};
					B6A114612255FDB100E78E24 = {
						CreatedOnToolsVersion = 10.2;
						TestTargetID = B6A1144B2255FDB000E78E24;
					};
					B6A1146C2255FDB100E78E24 = {
						CreatedOnToolsVersion = 10.2;
						TestTargetID = B6A1144B2255FDB000E78E24;
					};
				};
			};
			buildConfigurationList = B6A114472255FDB000E78E24 /* Build configuration list for PBXProject "Demo" */;
			compatibilityVersion = "Xcode 9.3";
			developmentRegion = en;
			hasScannedForEncodings = 0;
			knownRegions = (
				en,
				Base,
			);
			mainGroup = B6A114432255FDB000E78E24;
			productRefGroup = B6A1144D2255FDB000E78E24 /* Products */;
			projectDirPath = "";
			projectRoot = "";
			targets = (
				B6A1144B2255FDB000E78E24 /* Demo */,
				B6A114612255FDB100E78E24 /* DemoTests */,
				B6A1146C2255FDB100E78E24 /* DemoUITests */,
			);
		};
/* End PBXProject section */

/* Begin PBXResourcesBuildPhase section */
		B6A1144A2255FDB000E78E24 /* Resources */ = {
			isa = PBXResourcesBuildPhase;
			buildActionMask = 2147483647;
			files = (
				B6A1145C2255FDB100E78E24 /* LaunchScreen.storyboard in Resources */,
				B6A114592255FDB100E78E24 /* Assets.xcassets in Resources */,
				B6A114962256449D00E78E24 /* ImageOnly.xib in Resources */,
				B6A114572255FDB000E78E24 /* Main.storyboard in Resources */,
				B6A114882255FED600E78E24 /* MasterTableViewCell.xib in Resources */,
			);
			runOnlyForDeploymentPostprocessing = 0;
		};
		B6A114602255FDB100E78E24 /* Resources */ = {
			isa = PBXResourcesBuildPhase;
			buildActionMask = 2147483647;
			files = (
			);
			runOnlyForDeploymentPostprocessing = 0;
		};
		B6A1146B2255FDB100E78E24 /* Resources */ = {
			isa = PBXResourcesBuildPhase;
			buildActionMask = 2147483647;
			files = (
			);
			runOnlyForDeploymentPostprocessing = 0;
		};
/* End PBXResourcesBuildPhase section */

/* Begin PBXSourcesBuildPhase section */
		B6A114482255FDB000E78E24 /* Sources */ = {
			isa = PBXSourcesBuildPhase;
			buildActionMask = 2147483647;
			files = (
				B6A114542255FDB000E78E24 /* DetailViewController.swift in Sources */,
				B6A114872255FED600E78E24 /* MasterTableViewCell.swift in Sources */,
				B6A114522255FDB000E78E24 /* MasterViewController.swift in Sources */,
				B6A114D42256527C00E78E24 /* ScaledHeightImageView.swift in Sources */,
				B6A114502255FDB000E78E24 /* AppDelegate.swift in Sources */,
				B6A114942256448F00E78E24 /* ImageOnly.swift in Sources */,
				B6A114842255FDE500E78E24 /* ModelObject.swift in Sources */,
			);
			runOnlyForDeploymentPostprocessing = 0;
		};
		B6A1145E2255FDB100E78E24 /* Sources */ = {
			isa = PBXSourcesBuildPhase;
			buildActionMask = 2147483647;
			files = (
				B6A114672255FDB100E78E24 /* DemoTests.swift in Sources */,
			);
			runOnlyForDeploymentPostprocessing = 0;
		};
		B6A114692255FDB100E78E24 /* Sources */ = {
			isa = PBXSourcesBuildPhase;
			buildActionMask = 2147483647;
			files = (
				B6A114722255FDB100E78E24 /* DemoUITests.swift in Sources */,
			);
			runOnlyForDeploymentPostprocessing = 0;
		};
/* End PBXSourcesBuildPhase section */

/* Begin PBXTargetDependency section */
		B6A114642255FDB100E78E24 /* PBXTargetDependency */ = {
			isa = PBXTargetDependency;
			target = B6A1144B2255FDB000E78E24 /* Demo */;
			targetProxy = B6A114632255FDB100E78E24 /* PBXContainerItemProxy */;
		};
		B6A1146F2255FDB100E78E24 /* PBXTargetDependency */ = {
			isa = PBXTargetDependency;
			target = B6A1144B2255FDB000E78E24 /* Demo */;
			targetProxy = B6A1146E2255FDB100E78E24 /* PBXContainerItemProxy */;
		};
/* End PBXTargetDependency section */

/* Begin PBXVariantGroup section */
		B6A114552255FDB000E78E24 /* Main.storyboard */ = {
			isa = PBXVariantGroup;
			children = (
				B6A114562255FDB000E78E24 /* Base */,
			);
			name = Main.storyboard;
			sourceTree = "<group>";
		};
		B6A1145A2255FDB100E78E24 /* LaunchScreen.storyboard */ = {
			isa = PBXVariantGroup;
			children = (
				B6A1145B2255FDB100E78E24 /* Base */,
			);
			name = LaunchScreen.storyboard;
			sourceTree = "<group>";
		};
/* End PBXVariantGroup section */

/* Begin XCBuildConfiguration section */
		B6A114742255FDB100E78E24 /* Debug */ = {
			isa = XCBuildConfiguration;
			buildSettings = {
				ALWAYS_SEARCH_USER_PATHS = NO;
				CLANG_ANALYZER_NONNULL = YES;
				CLANG_ANALYZER_NUMBER_OBJECT_CONVERSION = YES_AGGRESSIVE;
				CLANG_CXX_LANGUAGE_STANDARD = "gnu++14";
				CLANG_CXX_LIBRARY = "libc++";
				CLANG_ENABLE_MODULES = YES;
				CLANG_ENABLE_OBJC_ARC = YES;
				CLANG_ENABLE_OBJC_WEAK = YES;
				CLANG_WARN_BLOCK_CAPTURE_AUTORELEASING = YES;
				CLANG_WARN_BOOL_CONVERSION = YES;
				CLANG_WARN_COMMA = YES;
				CLANG_WARN_CONSTANT_CONVERSION = YES;
				CLANG_WARN_DEPRECATED_OBJC_IMPLEMENTATIONS = YES;
				CLANG_WARN_DIRECT_OBJC_ISA_USAGE = YES_ERROR;
				CLANG_WARN_DOCUMENTATION_COMMENTS = YES;
				CLANG_WARN_EMPTY_BODY = YES;
				CLANG_WARN_ENUM_CONVERSION = YES;
				CLANG_WARN_INFINITE_RECURSION = YES;
				CLANG_WARN_INT_CONVERSION = YES;
				CLANG_WARN_NON_LITERAL_NULL_CONVERSION = YES;
				CLANG_WARN_OBJC_IMPLICIT_RETAIN_SELF = YES;
				CLANG_WARN_OBJC_LITERAL_CONVERSION = YES;
				CLANG_WARN_OBJC_ROOT_CLASS = YES_ERROR;
				CLANG_WARN_RANGE_LOOP_ANALYSIS = YES;
				CLANG_WARN_STRICT_PROTOTYPES = YES;
				CLANG_WARN_SUSPICIOUS_MOVE = YES;
				CLANG_WARN_UNGUARDED_AVAILABILITY = YES_AGGRESSIVE;
				CLANG_WARN_UNREACHABLE_CODE = YES;
				CLANG_WARN__DUPLICATE_METHOD_MATCH = YES;
				CODE_SIGN_IDENTITY = "iPhone Developer";
				COPY_PHASE_STRIP = NO;
				DEBUG_INFORMATION_FORMAT = dwarf;
				ENABLE_STRICT_OBJC_MSGSEND = YES;
				ENABLE_TESTABILITY = YES;
				GCC_C_LANGUAGE_STANDARD = gnu11;
				GCC_DYNAMIC_NO_PIC = NO;
				GCC_NO_COMMON_BLOCKS = YES;
				GCC_OPTIMIZATION_LEVEL = 0;
				GCC_PREPROCESSOR_DEFINITIONS = (
					"DEBUG=1",
					"$(inherited)",
				);
				GCC_WARN_64_TO_32_BIT_CONVERSION = YES;
				GCC_WARN_ABOUT_RETURN_TYPE = YES_ERROR;
				GCC_WARN_UNDECLARED_SELECTOR = YES;
				GCC_WARN_UNINITIALIZED_AUTOS = YES_AGGRESSIVE;
				GCC_WARN_UNUSED_FUNCTION = YES;
				GCC_WARN_UNUSED_VARIABLE = YES;
				IPHONEOS_DEPLOYMENT_TARGET = 12.2;
				MTL_ENABLE_DEBUG_INFO = INCLUDE_SOURCE;
				MTL_FAST_MATH = YES;
				ONLY_ACTIVE_ARCH = YES;
				SDKROOT = iphoneos;
				SWIFT_ACTIVE_COMPILATION_CONDITIONS = DEBUG;
				SWIFT_OPTIMIZATION_LEVEL = "-Onone";
			};
			name = Debug;
		};
		B6A114752255FDB100E78E24 /* Release */ = {
			isa = XCBuildConfiguration;
			buildSettings = {
				ALWAYS_SEARCH_USER_PATHS = NO;
				CLANG_ANALYZER_NONNULL = YES;
				CLANG_ANALYZER_NUMBER_OBJECT_CONVERSION = YES_AGGRESSIVE;
				CLANG_CXX_LANGUAGE_STANDARD = "gnu++14";
				CLANG_CXX_LIBRARY = "libc++";
				CLANG_ENABLE_MODULES = YES;
				CLANG_ENABLE_OBJC_ARC = YES;
				CLANG_ENABLE_OBJC_WEAK = YES;
				CLANG_WARN_BLOCK_CAPTURE_AUTORELEASING = YES;
				CLANG_WARN_BOOL_CONVERSION = YES;
				CLANG_WARN_COMMA = YES;
				CLANG_WARN_CONSTANT_CONVERSION = YES;
				CLANG_WARN_DEPRECATED_OBJC_IMPLEMENTATIONS = YES;
				CLANG_WARN_DIRECT_OBJC_ISA_USAGE = YES_ERROR;
				CLANG_WARN_DOCUMENTATION_COMMENTS = YES;
				CLANG_WARN_EMPTY_BODY = YES;
				CLANG_WARN_ENUM_CONVERSION = YES;
				CLANG_WARN_INFINITE_RECURSION = YES;
				CLANG_WARN_INT_CONVERSION = YES;
				CLANG_WARN_NON_LITERAL_NULL_CONVERSION = YES;
				CLANG_WARN_OBJC_IMPLICIT_RETAIN_SELF = YES;
				CLANG_WARN_OBJC_LITERAL_CONVERSION = YES;
				CLANG_WARN_OBJC_ROOT_CLASS = YES_ERROR;
				CLANG_WARN_RANGE_LOOP_ANALYSIS = YES;
				CLANG_WARN_STRICT_PROTOTYPES = YES;
				CLANG_WARN_SUSPICIOUS_MOVE = YES;
				CLANG_WARN_UNGUARDED_AVAILABILITY = YES_AGGRESSIVE;
				CLANG_WARN_UNREACHABLE_CODE = YES;
				CLANG_WARN__DUPLICATE_METHOD_MATCH = YES;
				CODE_SIGN_IDENTITY = "iPhone Developer";
				COPY_PHASE_STRIP = NO;
				DEBUG_INFORMATION_FORMAT = "dwarf-with-dsym";
				ENABLE_NS_ASSERTIONS = NO;
				ENABLE_STRICT_OBJC_MSGSEND = YES;
				GCC_C_LANGUAGE_STANDARD = gnu11;
				GCC_NO_COMMON_BLOCKS = YES;
				GCC_WARN_64_TO_32_BIT_CONVERSION = YES;
				GCC_WARN_ABOUT_RETURN_TYPE = YES_ERROR;
				GCC_WARN_UNDECLARED_SELECTOR = YES;
				GCC_WARN_UNINITIALIZED_AUTOS = YES_AGGRESSIVE;
				GCC_WARN_UNUSED_FUNCTION = YES;
				GCC_WARN_UNUSED_VARIABLE = YES;
				IPHONEOS_DEPLOYMENT_TARGET = 12.2;
				MTL_ENABLE_DEBUG_INFO = NO;
				MTL_FAST_MATH = YES;
				SDKROOT = iphoneos;
				SWIFT_COMPILATION_MODE = wholemodule;
				SWIFT_OPTIMIZATION_LEVEL = "-O";
				VALIDATE_PRODUCT = YES;
			};
			name = Release;
		};
		B6A114772255FDB100E78E24 /* Debug */ = {
			isa = XCBuildConfiguration;
			buildSettings = {
				ASSETCATALOG_COMPILER_APPICON_NAME = AppIcon;
				CODE_SIGN_STYLE = Automatic;
				DEVELOPMENT_TEAM = EWU35MGF9R;
				INFOPLIST_FILE = Demo/Info.plist;
				LD_RUNPATH_SEARCH_PATHS = (
					"$(inherited)",
					"@executable_path/Frameworks",
				);
				PRODUCT_BUNDLE_IDENTIFIER = com.wf.Demo;
				PRODUCT_NAME = "$(TARGET_NAME)";
				SWIFT_VERSION = 5.0;
				TARGETED_DEVICE_FAMILY = "1,2";
			};
			name = Debug;
		};
		B6A114782255FDB100E78E24 /* Release */ = {
			isa = XCBuildConfiguration;
			buildSettings = {
				ASSETCATALOG_COMPILER_APPICON_NAME = AppIcon;
				CODE_SIGN_STYLE = Automatic;
				DEVELOPMENT_TEAM = EWU35MGF9R;
				INFOPLIST_FILE = Demo/Info.plist;
				LD_RUNPATH_SEARCH_PATHS = (
					"$(inherited)",
					"@executable_path/Frameworks",
				);
				PRODUCT_BUNDLE_IDENTIFIER = com.wf.Demo;
				PRODUCT_NAME = "$(TARGET_NAME)";
				SWIFT_VERSION = 5.0;
				TARGETED_DEVICE_FAMILY = "1,2";
			};
			name = Release;
		};
		B6A1147A2255FDB100E78E24 /* Debug */ = {
			isa = XCBuildConfiguration;
			buildSettings = {
				ALWAYS_EMBED_SWIFT_STANDARD_LIBRARIES = YES;
				BUNDLE_LOADER = "$(TEST_HOST)";
				CODE_SIGN_STYLE = Automatic;
				DEVELOPMENT_TEAM = EWU35MGF9R;
				INFOPLIST_FILE = DemoTests/Info.plist;
				LD_RUNPATH_SEARCH_PATHS = (
					"$(inherited)",
					"@executable_path/Frameworks",
					"@loader_path/Frameworks",
				);
				PRODUCT_BUNDLE_IDENTIFIER = com.wf.DemoTests;
				PRODUCT_NAME = "$(TARGET_NAME)";
				SWIFT_VERSION = 5.0;
				TARGETED_DEVICE_FAMILY = "1,2";
				TEST_HOST = "$(BUILT_PRODUCTS_DIR)/Demo.app/Demo";
			};
			name = Debug;
		};
		B6A1147B2255FDB100E78E24 /* Release */ = {
			isa = XCBuildConfiguration;
			buildSettings = {
				ALWAYS_EMBED_SWIFT_STANDARD_LIBRARIES = YES;
				BUNDLE_LOADER = "$(TEST_HOST)";
				CODE_SIGN_STYLE = Automatic;
				DEVELOPMENT_TEAM = EWU35MGF9R;
				INFOPLIST_FILE = DemoTests/Info.plist;
				LD_RUNPATH_SEARCH_PATHS = (
					"$(inherited)",
					"@executable_path/Frameworks",
					"@loader_path/Frameworks",
				);
				PRODUCT_BUNDLE_IDENTIFIER = com.wf.DemoTests;
				PRODUCT_NAME = "$(TARGET_NAME)";
				SWIFT_VERSION = 5.0;
				TARGETED_DEVICE_FAMILY = "1,2";
				TEST_HOST = "$(BUILT_PRODUCTS_DIR)/Demo.app/Demo";
			};
			name = Release;
		};
		B6A1147D2255FDB100E78E24 /* Debug */ = {
			isa = XCBuildConfiguration;
			buildSettings = {
				ALWAYS_EMBED_SWIFT_STANDARD_LIBRARIES = YES;
				CODE_SIGN_STYLE = Automatic;
				DEVELOPMENT_TEAM = EWU35MGF9R;
				INFOPLIST_FILE = DemoUITests/Info.plist;
				LD_RUNPATH_SEARCH_PATHS = (
					"$(inherited)",
					"@executable_path/Frameworks",
					"@loader_path/Frameworks",
				);
				PRODUCT_BUNDLE_IDENTIFIER = com.wf.DemoUITests;
				PRODUCT_NAME = "$(TARGET_NAME)";
				SWIFT_VERSION = 5.0;
				TARGETED_DEVICE_FAMILY = "1,2";
				TEST_TARGET_NAME = Demo;
			};
			name = Debug;
		};
		B6A1147E2255FDB100E78E24 /* Release */ = {
			isa = XCBuildConfiguration;
			buildSettings = {
				ALWAYS_EMBED_SWIFT_STANDARD_LIBRARIES = YES;
				CODE_SIGN_STYLE = Automatic;
				DEVELOPMENT_TEAM = EWU35MGF9R;
				INFOPLIST_FILE = DemoUITests/Info.plist;
				LD_RUNPATH_SEARCH_PATHS = (
					"$(inherited)",
					"@executable_path/Frameworks",
					"@loader_path/Frameworks",
				);
				PRODUCT_BUNDLE_IDENTIFIER = com.wf.DemoUITests;
				PRODUCT_NAME = "$(TARGET_NAME)";
				SWIFT_VERSION = 5.0;
				TARGETED_DEVICE_FAMILY = "1,2";
				TEST_TARGET_NAME = Demo;
			};
			name = Release;
		};
/* End XCBuildConfiguration section */

/* Begin XCConfigurationList section */
		B6A114472255FDB000E78E24 /* Build configuration list for PBXProject "Demo" */ = {
			isa = XCConfigurationList;
			buildConfigurations = (
				B6A114742255FDB100E78E24 /* Debug */,
				B6A114752255FDB100E78E24 /* Release */,
			);
			defaultConfigurationIsVisible = 0;
			defaultConfigurationName = Release;
		};
		B6A114762255FDB100E78E24 /* Build configuration list for PBXNativeTarget "Demo" */ = {
			isa = XCConfigurationList;
			buildConfigurations = (
				B6A114772255FDB100E78E24 /* Debug */,
				B6A114782255FDB100E78E24 /* Release */,
			);
			defaultConfigurationIsVisible = 0;
			defaultConfigurationName = Release;
		};
		B6A114792255FDB100E78E24 /* Build configuration list for PBXNativeTarget "DemoTests" */ = {
			isa = XCConfigurationList;
			buildConfigurations = (
				B6A1147A2255FDB100E78E24 /* Debug */,
				B6A1147B2255FDB100E78E24 /* Release */,
			);
			defaultConfigurationIsVisible = 0;
			defaultConfigurationName = Release;
		};
		B6A1147C2255FDB100E78E24 /* Build configuration list for PBXNativeTarget "DemoUITests" */ = {
			isa = XCConfigurationList;
			buildConfigurations = (
				B6A1147D2255FDB100E78E24 /* Debug */,
				B6A1147E2255FDB100E78E24 /* Release */,
			);
			defaultConfigurationIsVisible = 0;
			defaultConfigurationName = Release;
		};
/* End XCConfigurationList section */
	};
	rootObject = B6A114442255FDB000E78E24 /* Project object */;
}
